Microsoft Visual Studio Solution File, Format Version 12.00
# Visual Studio 2012
Project("{FAE04EC0-301F-11D3-BF4B-00C04F79EFBC}") = "Eos2", "Eos2.csproj", "{1C2361B8-D670-4A48-91F8-CA58683A788E}"
EndProject
Global
	GlobalSection(SolutionConfigurationPlatforms) = preSolution
	Debug|Any CPU = Debug|Any CPU
	ExportDebug|Any CPU = ExportDebug|Any CPU
	ExportRelease|Any CPU = ExportRelease|Any CPU
	EndGlobalSection
	GlobalSection(ProjectConfigurationPlatforms) = postSolution
		{1C2361B8-D670-4A48-91F8-CA58683A788E}.Debug|Any CPU.ActiveCfg = Debug|Any CPU
		{1C2361B8-D670-4A48-91F8-CA58683A788E}.Debug|Any CPU.Build.0 = Debug|Any CPU
		{1C2361B8-D670-4A48-91F8-CA58683A788E}.ExportDebug|Any CPU.ActiveCfg = ExportDebug|Any CPU
		{1C2361B8-D670-4A48-91F8-CA58683A788E}.ExportDebug|Any CPU.Build.0 = ExportDebug|Any CPU
		{1C2361B8-D670-4A48-91F8-CA58683A788E}.ExportRelease|Any CPU.ActiveCfg = ExportRelease|Any CPU
		{1C2361B8-D670-4A48-91F8-CA58683A788E}.ExportRelease|Any CPU.Build.0 = ExportRelease|Any CPU
	EndGlobalSection
EndGlobal
